// !$*UTF8*$!
{
	archiveVersion = 1;
	classes = {
	};
	objectVersion = 46;
	objects = {

/* Begin PBXBuildFile section */
		CDA1C3551C47E36B00FFC98A /* BTSMenuViewController.m in Sources */ = {isa = PBXBuildFile; fileRef = CDA1C3541C47E36B00FFC98A /* BTSMenuViewController.m */; };
		CDA1C3581C47E49C00FFC98A /* BTSTwoPlayersStartGameScreen.m in Sources */ = {isa = PBXBuildFile; fileRef = CDA1C3571C47E49C00FFC98A /* BTSTwoPlayersStartGameScreen.m */; };
		CDA1C35B1C47E62300FFC98A /* BTSGameScreen.m in Sources */ = {isa = PBXBuildFile; fileRef = CDA1C35A1C47E62300FFC98A /* BTSGameScreen.m */; };
		CDA1C35E1C4D1E2F00FFC98A /* BTSGameField.m in Sources */ = {isa = PBXBuildFile; fileRef = CDA1C35D1C4D1E2F00FFC98A /* BTSGameField.m */; };
		CDBD32211C4529C200A32A87 /* main.m in Sources */ = {isa = PBXBuildFile; fileRef = CDBD32201C4529C200A32A87 /* main.m */; };
		CDBD32241C4529C200A32A87 /* AppDelegate.m in Sources */ = {isa = PBXBuildFile; fileRef = CDBD32231C4529C200A32A87 /* AppDelegate.m */; };
		CDBD32271C4529C200A32A87 /* ViewController.m in Sources */ = {isa = PBXBuildFile; fileRef = CDBD32261C4529C200A32A87 /* ViewController.m */; };
		CDBD322A1C4529C200A32A87 /* Main.storyboard in Resources */ = {isa = PBXBuildFile; fileRef = CDBD32281C4529C200A32A87 /* Main.storyboard */; };
		CDBD322C1C4529C200A32A87 /* Assets.xcassets in Resources */ = {isa = PBXBuildFile; fileRef = CDBD322B1C4529C200A32A87 /* Assets.xcassets */; };
		CDBD322F1C4529C200A32A87 /* LaunchScreen.storyboard in Resources */ = {isa = PBXBuildFile; fileRef = CDBD322D1C4529C200A32A87 /* LaunchScreen.storyboard */; };
		CDBD32371C452AC600A32A87 /* Besom.ttf in Resources */ = {isa = PBXBuildFile; fileRef = CDBD32361C452AC600A32A87 /* Besom.ttf */; };
/* End PBXBuildFile section */

/* Begin PBXFileReference section */
		CDA1C3531C47E36B00FFC98A /* BTSMenuViewController.h */ = {isa = PBXFileReference; fileEncoding = 4; lastKnownFileType = sourcecode.c.h; path = BTSMenuViewController.h; sourceTree = "<group>"; };
		CDA1C3541C47E36B00FFC98A /* BTSMenuViewController.m */ = {isa = PBXFileReference; fileEncoding = 4; lastKnownFileType = sourcecode.c.objc; path = BTSMenuViewController.m; sourceTree = "<group>"; };
		CDA1C3561C47E49C00FFC98A /* BTSTwoPlayersStartGameScreen.h */ = {isa = PBXFileReference; fileEncoding = 4; lastKnownFileType = sourcecode.c.h; path = BTSTwoPlayersStartGameScreen.h; sourceTree = "<group>"; };
		CDA1C3571C47E49C00FFC98A /* BTSTwoPlayersStartGameScreen.m */ = {isa = PBXFileReference; fileEncoding = 4; lastKnownFileType = sourcecode.c.objc; path = BTSTwoPlayersStartGameScreen.m; sourceTree = "<group>"; };
		CDA1C3591C47E62300FFC98A /* BTSGameScreen.h */ = {isa = PBXFileReference; fileEncoding = 4; lastKnownFileType = sourcecode.c.h; path = BTSGameScreen.h; sourceTree = "<group>"; };
		CDA1C35A1C47E62300FFC98A /* BTSGameScreen.m */ = {isa = PBXFileReference; fileEncoding = 4; lastKnownFileType = sourcecode.c.objc; path = BTSGameScreen.m; sourceTree = "<group>"; };
		CDA1C35C1C4D1E2F00FFC98A /* BTSGameField.h */ = {isa = PBXFileReference; fileEncoding = 4; lastKnownFileType = sourcecode.c.h; path = BTSGameField.h; sourceTree = "<group>"; };
		CDA1C35D1C4D1E2F00FFC98A /* BTSGameField.m */ = {isa = PBXFileReference; fileEncoding = 4; lastKnownFileType = sourcecode.c.objc; path = BTSGameField.m; sourceTree = "<group>"; };
		CDBD321C1C4529C200A32A87 /* Battleship.app */ = {isa = PBXFileReference; explicitFileType = wrapper.application; includeInIndex = 0; path = Battleship.app; sourceTree = BUILT_PRODUCTS_DIR; };
		CDBD32201C4529C200A32A87 /* main.m */ = {isa = PBXFileReference; lastKnownFileType = sourcecode.c.objc; path = main.m; sourceTree = "<group>"; };
		CDBD32221C4529C200A32A87 /* AppDelegate.h */ = {isa = PBXFileReference; lastKnownFileType = sourcecode.c.h; path = AppDelegate.h; sourceTree = "<group>"; };
		CDBD32231C4529C200A32A87 /* AppDelegate.m */ = {isa = PBXFileReference; lastKnownFileType = sourcecode.c.objc; path = AppDelegate.m; sourceTree = "<group>"; };
		CDBD32251C4529C200A32A87 /* ViewController.h */ = {isa = PBXFileReference; lastKnownFileType = sourcecode.c.h; path = ViewController.h; sourceTree = "<group>"; };
		CDBD32261C4529C200A32A87 /* ViewController.m */ = {isa = PBXFileReference; lastKnownFileType = sourcecode.c.objc; path = ViewController.m; sourceTree = "<group>"; };
		CDBD32291C4529C200A32A87 /* Base */ = {isa = PBXFileReference; lastKnownFileType = file.storyboard; name = Base; path = Base.lproj/Main.storyboard; sourceTree = "<group>"; };
		CDBD322B1C4529C200A32A87 /* Assets.xcassets */ = {isa = PBXFileReference; lastKnownFileType = folder.assetcatalog; path = Assets.xcassets; sourceTree = "<group>"; };
		CDBD322E1C4529C200A32A87 /* Base */ = {isa = PBXFileReference; lastKnownFileType = file.storyboard; name = Base; path = Base.lproj/LaunchScreen.storyboard; sourceTree = "<group>"; };
		CDBD32301C4529C200A32A87 /* Info.plist */ = {isa = PBXFileReference; lastKnownFileType = text.plist.xml; path = Info.plist; sourceTree = "<group>"; };
		CDBD32361C452AC600A32A87 /* Besom.ttf */ = {isa = PBXFileReference; lastKnownFileType = file; path = Besom.ttf; sourceTree = "<group>"; };
/* End PBXFileReference section */

/* Begin PBXFrameworksBuildPhase section */
		CDBD32191C4529C200A32A87 /* Frameworks */ = {
			isa = PBXFrameworksBuildPhase;
			buildActionMask = 2147483647;
			files = (
			);
			runOnlyForDeploymentPostprocessing = 0;
		};
/* End PBXFrameworksBuildPhase section */

/* Begin PBXGroup section */
		CDBD32131C4529C200A32A87 = {
			isa = PBXGroup;
			children = (
				CDBD321E1C4529C200A32A87 /* Battleship */,
				CDBD321D1C4529C200A32A87 /* Products */,
			);
			sourceTree = "<group>";
		};
		CDBD321D1C4529C200A32A87 /* Products */ = {
			isa = PBXGroup;
			children = (
				CDBD321C1C4529C200A32A87 /* Battleship.app */,
			);
			name = Products;
			sourceTree = "<group>";
		};
		CDBD321E1C4529C200A32A87 /* Battleship */ = {
			isa = PBXGroup;
			children = (
				CDBD32361C452AC600A32A87 /* Besom.ttf */,
				CDBD32221C4529C200A32A87 /* AppDelegate.h */,
				CDBD32231C4529C200A32A87 /* AppDelegate.m */,
				CDBD32251C4529C200A32A87 /* ViewController.h */,
				CDBD32261C4529C200A32A87 /* ViewController.m */,
				CDA1C3531C47E36B00FFC98A /* BTSMenuViewController.h */,
				CDA1C3541C47E36B00FFC98A /* BTSMenuViewController.m */,
				CDBD32281C4529C200A32A87 /* Main.storyboard */,
				CDBD322B1C4529C200A32A87 /* Assets.xcassets */,
				CDBD322D1C4529C200A32A87 /* LaunchScreen.storyboard */,
				CDBD32301C4529C200A32A87 /* Info.plist */,
				CDBD321F1C4529C200A32A87 /* Supporting Files */,
				CDA1C3561C47E49C00FFC98A /* BTSTwoPlayersStartGameScreen.h */,
				CDA1C3571C47E49C00FFC98A /* BTSTwoPlayersStartGameScreen.m */,
				CDA1C3591C47E62300FFC98A /* BTSGameScreen.h */,
				CDA1C35A1C47E62300FFC98A /* BTSGameScreen.m */,
				CDA1C35C1C4D1E2F00FFC98A /* BTSGameField.h */,
				CDA1C35D1C4D1E2F00FFC98A /* BTSGameField.m */,
			);
			path = Battleship;
			sourceTree = "<group>";
		};
		CDBD321F1C4529C200A32A87 /* Supporting Files */ = {
			isa = PBXGroup;
			children = (
				CDBD32201C4529C200A32A87 /* main.m */,
			);
			name = "Supporting Files";
			sourceTree = "<group>";
		};
/* End PBXGroup section */

/* Begin PBXNativeTarget section */
		CDBD321B1C4529C200A32A87 /* Battleship */ = {
			isa = PBXNativeTarget;
			buildConfigurationList = CDBD32331C4529C200A32A87 /* Build configuration list for PBXNativeTarget "Battleship" */;
			buildPhases = (
				CDBD32181C4529C200A32A87 /* Sources */,
				CDBD32191C4529C200A32A87 /* Frameworks */,
				CDBD321A1C4529C200A32A87 /* Resources */,
			);
			buildRules = (
			);
			dependencies = (
			);
			name = Battleship;
			productName = Buttleship;
			productReference = CDBD321C1C4529C200A32A87 /* Battleship.app */;
			productType = "com.apple.product-type.application";
		};
/* End PBXNativeTarget section */

/* Begin PBXProject section */
		CDBD32141C4529C200A32A87 /* Project object */ = {
			isa = PBXProject;
			attributes = {
				LastUpgradeCheck = 0720;
				ORGANIZATIONNAME = "Mariya Golubeva";
				TargetAttributes = {
					CDBD321B1C4529C200A32A87 = {
						CreatedOnToolsVersion = 7.2;
						DevelopmentTeam = AKXTKX335G;
					};
				};
			};
			buildConfigurationList = CDBD32171C4529C200A32A87 /* Build configuration list for PBXProject "Battleship" */;
			compatibilityVersion = "Xcode 3.2";
			developmentRegion = English;
			hasScannedForEncodings = 0;
			knownRegions = (
				en,
				Base,
			);
			mainGroup = CDBD32131C4529C200A32A87;
			productRefGroup = CDBD321D1C4529C200A32A87 /* Products */;
			projectDirPath = "";
			projectRoot = "";
			targets = (
				CDBD321B1C4529C200A32A87 /* Battleship */,
			);
		};
/* End PBXProject section */

/* Begin PBXResourcesBuildPhase section */
		CDBD321A1C4529C200A32A87 /* Resources */ = {
			isa = PBXResourcesBuildPhase;
			buildActionMask = 2147483647;
			files = (
				CDBD322F1C4529C200A32A87 /* LaunchScreen.storyboard in Resources */,
				CDBD322C1C4529C200A32A87 /* Assets.xcassets in Resources */,
				CDBD322A1C4529C200A32A87 /* Main.storyboard in Resources */,
				CDBD32371C452AC600A32A87 /* Besom.ttf in Resources */,
			);
			runOnlyForDeploymentPostprocessing = 0;
		};
/* End PBXResourcesBuildPhase section */

/* Begin PBXSourcesBuildPhase section */
		CDBD32181C4529C200A32A87 /* Sources */ = {
			isa = PBXSourcesBuildPhase;
			buildActionMask = 2147483647;
			files = (
				CDBD32271C4529C200A32A87 /* ViewController.m in Sources */,
				CDBD32241C4529C200A32A87 /* AppDelegate.m in Sources */,
				CDA1C3581C47E49C00FFC98A /* BTSTwoPlayersStartGameScreen.m in Sources */,
				CDBD32211C4529C200A32A87 /* main.m in Sources */,
				CDA1C3551C47E36B00FFC98A /* BTSMenuViewController.m in Sources */,
				CDA1C35B1C47E62300FFC98A /* BTSGameScreen.m in Sources */,
				CDA1C35E1C4D1E2F00FFC98A /* BTSGameField.m in Sources */,
			);
			runOnlyForDeploymentPostprocessing = 0;
		};
/* End PBXSourcesBuildPhase section */

/* Begin PBXVariantGroup section */
		CDBD32281C4529C200A32A87 /* Main.storyboard */ = {
			isa = PBXVariantGroup;
			children = (
				CDBD32291C4529C200A32A87 /* Base */,
			);
			name = Main.storyboard;
			sourceTree = "<group>";
		};
		CDBD322D1C4529C200A32A87 /* LaunchScreen.storyboard */ = {
			isa = PBXVariantGroup;
			children = (
				CDBD322E1C4529C200A32A87 /* Base */,
			);
			name = LaunchScreen.storyboard;
			sourceTree = "<group>";
		};
/* End PBXVariantGroup section */

/* Begin XCBuildConfiguration section */
		CDBD32311C4529C200A32A87 /* Debug */ = {
			isa = XCBuildConfiguration;
			buildSettings = {
				ALWAYS_SEARCH_USER_PATHS = NO;
				CLANG_CXX_LANGUAGE_STANDARD = "gnu++0x";
				CLANG_CXX_LIBRARY = "libc++";
				CLANG_ENABLE_MODULES = YES;
				CLANG_ENABLE_OBJC_ARC = YES;
				CLANG_WARN_BOOL_CONVERSION = YES;
				CLANG_WARN_CONSTANT_CONVERSION = YES;
				CLANG_WARN_DIRECT_OBJC_ISA_USAGE = YES_ERROR;
				CLANG_WARN_EMPTY_BODY = YES;
				CLANG_WARN_ENUM_CONVERSION = YES;
				CLANG_WARN_INT_CONVERSION = YES;
				CLANG_WARN_OBJC_ROOT_CLASS = YES_ERROR;
				CLANG_WARN_UNREACHABLE_CODE = YES;
				CLANG_WARN__DUPLICATE_METHOD_MATCH = YES;
				CODE_SIGN_IDENTITY = "iPhone Developer";
				COPY_PHASE_STRIP = NO;
				DEBUG_INFORMATION_FORMAT = dwarf;
				ENABLE_STRICT_OBJC_MSGSEND = YES;
				ENABLE_TESTABILITY = YES;
				GCC_C_LANGUAGE_STANDARD = gnu99;
				GCC_DYNAMIC_NO_PIC = NO;
				GCC_NO_COMMON_BLOCKS = YES;
				GCC_OPTIMIZATION_LEVEL = 0;
				GCC_PREPROCESSOR_DEFINITIONS = (
					"DEBUG=1",
					"$(inherited)",
				);
				GCC_WARN_64_TO_32_BIT_CONVERSION = YES;
				GCC_WARN_ABOUT_RETURN_TYPE = YES_ERROR;
				GCC_WARN_UNDECLARED_SELECTOR = YES;
				GCC_WARN_UNINITIALIZED_AUTOS = YES_AGGRESSIVE;
				GCC_WARN_UNUSED_FUNCTION = YES;
				GCC_WARN_UNUSED_VARIABLE = YES;
				IPHONEOS_DEPLOYMENT_TARGET = 9.2;
				MTL_ENABLE_DEBUG_INFO = YES;
				ONLY_ACTIVE_ARCH = YES;
				PROVISIONING_PROFILE = "";
				SDKROOT = iphoneos;
			};
			name = Debug;
		};
		CDBD32321C4529C200A32A87 /* Release */ = {
			isa = XCBuildConfiguration;
			buildSettings = {
				ALWAYS_SEARCH_USER_PATHS = NO;
				CLANG_CXX_LANGUAGE_STANDARD = "gnu++0x";
				CLANG_CXX_LIBRARY = "libc++";
				CLANG_ENABLE_MODULES = YES;
				CLANG_ENABLE_OBJC_ARC = YES;
				CLANG_WARN_BOOL_CONVERSION = YES;
				CLANG_WARN_CONSTANT_CONVERSION = YES;
				CLANG_WARN_DIRECT_OBJC_ISA_USAGE = YES_ERROR;
				CLANG_WARN_EMPTY_BODY = YES;
				CLANG_WARN_ENUM_CONVERSION = YES;
				CLANG_WARN_INT_CONVERSION = YES;
				CLANG_WARN_OBJC_ROOT_CLASS = YES_ERROR;
				CLANG_WARN_UNREACHABLE_CODE = YES;
				CLANG_WARN__DUPLICATE_METHOD_MATCH = YES;
				CODE_SIGN_IDENTITY = "iPhone Distribution";
				COPY_PHASE_STRIP = NO;
				DEBUG_INFORMATION_FORMAT = "dwarf-with-dsym";
				ENABLE_NS_ASSERTIONS = NO;
				ENABLE_STRICT_OBJC_MSGSEND = YES;
				GCC_C_LANGUAGE_STANDARD = gnu99;
				GCC_NO_COMMON_BLOCKS = YES;
				GCC_WARN_64_TO_32_BIT_CONVERSION = YES;
				GCC_WARN_ABOUT_RETURN_TYPE = YES_ERROR;
				GCC_WARN_UNDECLARED_SELECTOR = YES;
				GCC_WARN_UNINITIALIZED_AUTOS = YES_AGGRESSIVE;
				GCC_WARN_UNUSED_FUNCTION = YES;
				GCC_WARN_UNUSED_VARIABLE = YES;
				IPHONEOS_DEPLOYMENT_TARGET = 9.2;
				MTL_ENABLE_DEBUG_INFO = NO;
				PROVISIONING_PROFILE = "";
				SDKROOT = iphoneos;
				VALIDATE_PRODUCT = YES;
			};
			name = Release;
		};
		CDBD32341C4529C200A32A87 /* Debug */ = {
			isa = XCBuildConfiguration;
			buildSettings = {
				ASSETCATALOG_COMPILER_APPICON_NAME = AppIcon;
				INFOPLIST_FILE = Battleship/Info.plist;
				LD_RUNPATH_SEARCH_PATHS = "$(inherited) @executable_path/Frameworks";
				PRODUCT_BUNDLE_IDENTIFIER = com.softheme.clouduniverse;
				PRODUCT_NAME = Battleship;
			};
			name = Debug;
		};
		CDBD32351C4529C200A32A87 /* Release */ = {
			isa = XCBuildConfiguration;
			buildSettings = {
				ASSETCATALOG_COMPILER_APPICON_NAME = AppIcon;
				INFOPLIST_FILE = Battleship/Info.plist;
				LD_RUNPATH_SEARCH_PATHS = "$(inherited) @executable_path/Frameworks";
				PRODUCT_BUNDLE_IDENTIFIER = com.softheme.clouduniverse;
				PRODUCT_NAME = Battleship;
			};
			name = Release;
		};
/* End XCBuildConfiguration section */

/* Begin XCConfigurationList section */
		CDBD32171C4529C200A32A87 /* Build configuration list for PBXProject "Battleship" */ = {
			isa = XCConfigurationList;
			buildConfigurations = (
				CDBD32311C4529C200A32A87 /* Debug */,
				CDBD32321C4529C200A32A87 /* Release */,
			);
			defaultConfigurationIsVisible = 0;
			defaultConfigurationName = Release;
		};
		CDBD32331C4529C200A32A87 /* Build configuration list for PBXNativeTarget "Battleship" */ = {
			isa = XCConfigurationList;
			buildConfigurations = (
				CDBD32341C4529C200A32A87 /* Debug */,
				CDBD32351C4529C200A32A87 /* Release */,
			);
			defaultConfigurationIsVisible = 0;
			defaultConfigurationName = Release;
		};
/* End XCConfigurationList section */
	};
	rootObject = CDBD32141C4529C200A32A87 /* Project object */;
}
